
Microsoft Visual Studio Solution File, Format Version 12.00
# Visual Studio Version 17
VisualStudioVersion = 17.3.32929.385
MinimumVisualStudioVersion = 10.0.40219.1
Project("{9A19103F-16F7-4668-BE54-9A1E7A4F7556}") = "gsNotas", "gsNotas\gsNotas.csproj", "{C0B11A86-D572-46C7-BBB0-B86ED20A13F4}"
EndProject
Project("{9A19103F-16F7-4668-BE54-9A1E7A4F7556}") = "Seleccionar Colores", "Seleccionar Colores\Seleccionar Colores.csproj", "{613778D1-4DD3-4CB6-BE2F-5F77453DAB6D}"
EndProject
Global
	GlobalSection(SolutionConfigurationPlatforms) = preSolution
		Debug|Any CPU = Debug|Any CPU
		Release|Any CPU = Release|Any CPU
	EndGlobalSection
	GlobalSection(ProjectConfigurationPlatforms) = postSolution
		{C0B11A86-D572-46C7-BBB0-B86ED20A13F4}.Debug|Any CPU.ActiveCfg = Debug|Any CPU
		{C0B11A86-D572-46C7-BBB0-B86ED20A13F4}.Debug|Any CPU.Build.0 = Debug|Any CPU
		{C0B11A86-D572-46C7-BBB0-B86ED20A13F4}.Release|Any CPU.ActiveCfg = Release|Any CPU
		{C0B11A86-D572-46C7-BBB0-B86ED20A13F4}.Release|Any CPU.Build.0 = Release|Any CPU
		{613778D1-4DD3-4CB6-BE2F-5F77453DAB6D}.Debug|Any CPU.ActiveCfg = Debug|Any CPU
		{613778D1-4DD3-4CB6-BE2F-5F77453DAB6D}.Debug|Any CPU.Build.0 = Debug|Any CPU
		{613778D1-4DD3-4CB6-BE2F-5F77453DAB6D}.Release|Any CPU.ActiveCfg = Release|Any CPU
		{613778D1-4DD3-4CB6-BE2F-5F77453DAB6D}.Release|Any CPU.Build.0 = Release|Any CPU
	EndGlobalSection
	GlobalSection(SolutionProperties) = preSolution
		HideSolutionNode = FALSE
	EndGlobalSection
	GlobalSection(ExtensibilityGlobals) = postSolution
		SolutionGuid = {D6320D97-09EA-41FE-909B-2EE503D496EF}
	EndGlobalSection
EndGlobal
